
Microsoft Visual Studio Solution File, Format Version 12.00
# Visual Studio Version 16
VisualStudioVersion = 16.0.29709.97
MinimumVisualStudioVersion = 10.0.40219.1
Project("{FAE04EC0-301F-11D3-BF4B-00C04F79EFBC}") = "ASPNETSimple01", "ASPNETSimple01\ASPNETSimple01.csproj", "{72C96450-094A-4027-A9D0-F352EC60EAB7}"
EndProject
Global
	GlobalSection(SolutionConfigurationPlatforms) = preSolution
		Debug|Any CPU = Debug|Any CPU
		Release|Any CPU = Release|Any CPU
	EndGlobalSection
	GlobalSection(ProjectConfigurationPlatforms) = postSolution
		{72C96450-094A-4027-A9D0-F352EC60EAB7}.Debug|Any CPU.ActiveCfg = Debug|Any CPU
		{72C96450-094A-4027-A9D0-F352EC60EAB7}.Debug|Any CPU.Build.0 = Debug|Any CPU
		{72C96450-094A-4027-A9D0-F352EC60EAB7}.Release|Any CPU.ActiveCfg = Release|Any CPU
		{72C96450-094A-4027-A9D0-F352EC60EAB7}.Release|Any CPU.Build.0 = Release|Any CPU
	EndGlobalSection
	GlobalSection(SolutionProperties) = preSolution
		HideSolutionNode = FALSE
	EndGlobalSection
	GlobalSection(ExtensibilityGlobals) = postSolution
		SolutionGuid = {A7D4426A-6514-4006-9EB7-ACBA7E85BF9B}
	EndGlobalSection
EndGlobal
